
Microsoft Visual Studio Solution File, Format Version 11.00
# Visual Studio 2010
Project("{FAE04EC0-301F-11D3-BF4B-00C04F79EFBC}") = "Unity.XR.Interaction.Toolkit.Samples.StarterAssets", "Unity.XR.Interaction.Toolkit.Samples.StarterAssets.csproj", "{2852a561-6c17-db1b-2178-002a79744e2d}"
EndProject
Project("{FAE04EC0-301F-11D3-BF4B-00C04F79EFBC}") = "Unity.XR.Interaction.Toolkit.Samples.Hands", "Unity.XR.Interaction.Toolkit.Samples.Hands.csproj", "{68aa7cfd-63f6-a6ba-d662-dda13b9fb71d}"
EndProject
Project("{FAE04EC0-301F-11D3-BF4B-00C04F79EFBC}") = "ControllerSample", "ControllerSample.csproj", "{1172418e-d95d-cfd9-d8db-06ed0d48a582}"
EndProject
Project("{FAE04EC0-301F-11D3-BF4B-00C04F79EFBC}") = "Assembly-CSharp", "Assembly-CSharp.csproj", "{5dcea7fc-fb11-44aa-0260-7b4edf71d305}"
EndProject
Project("{FAE04EC0-301F-11D3-BF4B-00C04F79EFBC}") = "Unity.XR.Hands.Samples.VisualizerSample", "Unity.XR.Hands.Samples.VisualizerSample.csproj", "{1e756bed-cd13-541d-a17e-6d3937a99600}"
EndProject
Project("{FAE04EC0-301F-11D3-BF4B-00C04F79EFBC}") = "Assembly-CSharp-Editor", "Assembly-CSharp-Editor.csproj", "{f16899ae-71a9-48cd-aa82-37eb29883028}"
EndProject
Project("{FAE04EC0-301F-11D3-BF4B-00C04F79EFBC}") = "Unity.XR.Interaction.Toolkit.Samples.Hands.Editor", "Unity.XR.Interaction.Toolkit.Samples.Hands.Editor.csproj", "{fe2e7f52-17f0-45bc-bc50-34717bad3828}"
EndProject
Project("{FAE04EC0-301F-11D3-BF4B-00C04F79EFBC}") = "Unity.XR.Interaction.Toolkit.Samples.StarterAssets.Editor", "Unity.XR.Interaction.Toolkit.Samples.StarterAssets.Editor.csproj", "{7e24c189-1dc9-f44b-d662-ad4aa29c82f7}"
EndProject
Global
	GlobalSection(SolutionConfigurationPlatforms) = preSolution
		Debug|Any CPU = Debug|Any CPU
	EndGlobalSection
	GlobalSection(ProjectConfigurationPlatforms) = postSolution
		{2852a561-6c17-db1b-2178-002a79744e2d}.Debug|Any CPU.ActiveCfg = Debug|Any CPU
		{2852a561-6c17-db1b-2178-002a79744e2d}.Debug|Any CPU.Build.0 = Debug|Any CPU
		{68aa7cfd-63f6-a6ba-d662-dda13b9fb71d}.Debug|Any CPU.ActiveCfg = Debug|Any CPU
		{68aa7cfd-63f6-a6ba-d662-dda13b9fb71d}.Debug|Any CPU.Build.0 = Debug|Any CPU
		{1172418e-d95d-cfd9-d8db-06ed0d48a582}.Debug|Any CPU.ActiveCfg = Debug|Any CPU
		{1172418e-d95d-cfd9-d8db-06ed0d48a582}.Debug|Any CPU.Build.0 = Debug|Any CPU
		{5dcea7fc-fb11-44aa-0260-7b4edf71d305}.Debug|Any CPU.ActiveCfg = Debug|Any CPU
		{5dcea7fc-fb11-44aa-0260-7b4edf71d305}.Debug|Any CPU.Build.0 = Debug|Any CPU
		{1e756bed-cd13-541d-a17e-6d3937a99600}.Debug|Any CPU.ActiveCfg = Debug|Any CPU
		{1e756bed-cd13-541d-a17e-6d3937a99600}.Debug|Any CPU.Build.0 = Debug|Any CPU
		{f16899ae-71a9-48cd-aa82-37eb29883028}.Debug|Any CPU.ActiveCfg = Debug|Any CPU
		{f16899ae-71a9-48cd-aa82-37eb29883028}.Debug|Any CPU.Build.0 = Debug|Any CPU
		{fe2e7f52-17f0-45bc-bc50-34717bad3828}.Debug|Any CPU.ActiveCfg = Debug|Any CPU
		{fe2e7f52-17f0-45bc-bc50-34717bad3828}.Debug|Any CPU.Build.0 = Debug|Any CPU
		{7e24c189-1dc9-f44b-d662-ad4aa29c82f7}.Debug|Any CPU.ActiveCfg = Debug|Any CPU
		{7e24c189-1dc9-f44b-d662-ad4aa29c82f7}.Debug|Any CPU.Build.0 = Debug|Any CPU
	EndGlobalSection
	GlobalSection(SolutionProperties) = preSolution
		HideSolutionNode = FALSE
	EndGlobalSection
EndGlobal
